
Microsoft Visual Studio Solution File, Format Version 12.00
# Visual Studio Version 17
VisualStudioVersion = 17.7.34031.279
MinimumVisualStudioVersion = 10.0.40219.1
Project("{FAE04EC0-301F-11D3-BF4B-00C04F79EFBC}") = "041023PRG", "041023PRG\041023PRG.csproj", "{A2ECD53C-9BA9-4429-8721-A9059E1B9405}"
EndProject
Global
	GlobalSection(SolutionConfigurationPlatforms) = preSolution
		Debug|Any CPU = Debug|Any CPU
		Release|Any CPU = Release|Any CPU
	EndGlobalSection
	GlobalSection(ProjectConfigurationPlatforms) = postSolution
		{A2ECD53C-9BA9-4429-8721-A9059E1B9405}.Debug|Any CPU.ActiveCfg = Debug|Any CPU
		{A2ECD53C-9BA9-4429-8721-A9059E1B9405}.Debug|Any CPU.Build.0 = Debug|Any CPU
		{A2ECD53C-9BA9-4429-8721-A9059E1B9405}.Release|Any CPU.ActiveCfg = Release|Any CPU
		{A2ECD53C-9BA9-4429-8721-A9059E1B9405}.Release|Any CPU.Build.0 = Release|Any CPU
	EndGlobalSection
	GlobalSection(SolutionProperties) = preSolution
		HideSolutionNode = FALSE
	EndGlobalSection
	GlobalSection(ExtensibilityGlobals) = postSolution
		SolutionGuid = {9EED4E4D-6CAC-493F-A475-7994928A1ADF}
	EndGlobalSection
EndGlobal
